
Microsoft Visual Studio Solution File, Format Version 12.00
# Visual Studio Version 17
VisualStudioVersion = 17.8.34330.188
MinimumVisualStudioVersion = 10.0.40219.1
Project("{9A19103F-16F7-4668-BE54-9A1E7A4F7556}") = "CreditCards.Server", "CreditCards.Server\CreditCards.Server.csproj", "{A7DFA007-220A-4DE5-A78F-E66600A390B0}"
EndProject
Project("{54A90642-561A-4BB1-A94E-469ADEE60C69}") = "creditcards.client", "creditcards.client\creditcards.client.esproj", "{09855005-9312-4839-AF12-BA2077FC74BA}"
EndProject
Project("{FAE04EC0-301F-11D3-BF4B-00C04F79EFBC}") = "CreditCards.Server.UnitTests", "CreditCards.Server.UnitTests\CreditCards.Server.UnitTests.csproj", "{BE900CC3-4782-4C07-B993-07371220B866}"
EndProject
Global
	GlobalSection(SolutionConfigurationPlatforms) = preSolution
		Debug|Any CPU = Debug|Any CPU
		Release|Any CPU = Release|Any CPU
	EndGlobalSection
	GlobalSection(ProjectConfigurationPlatforms) = postSolution
		{A7DFA007-220A-4DE5-A78F-E66600A390B0}.Debug|Any CPU.ActiveCfg = Debug|Any CPU
		{A7DFA007-220A-4DE5-A78F-E66600A390B0}.Debug|Any CPU.Build.0 = Debug|Any CPU
		{A7DFA007-220A-4DE5-A78F-E66600A390B0}.Release|Any CPU.ActiveCfg = Release|Any CPU
		{A7DFA007-220A-4DE5-A78F-E66600A390B0}.Release|Any CPU.Build.0 = Release|Any CPU
		{09855005-9312-4839-AF12-BA2077FC74BA}.Debug|Any CPU.ActiveCfg = Debug|Any CPU
		{09855005-9312-4839-AF12-BA2077FC74BA}.Debug|Any CPU.Build.0 = Debug|Any CPU
		{09855005-9312-4839-AF12-BA2077FC74BA}.Debug|Any CPU.Deploy.0 = Debug|Any CPU
		{09855005-9312-4839-AF12-BA2077FC74BA}.Release|Any CPU.ActiveCfg = Release|Any CPU
		{09855005-9312-4839-AF12-BA2077FC74BA}.Release|Any CPU.Build.0 = Release|Any CPU
		{09855005-9312-4839-AF12-BA2077FC74BA}.Release|Any CPU.Deploy.0 = Release|Any CPU
		{BE900CC3-4782-4C07-B993-07371220B866}.Debug|Any CPU.ActiveCfg = Debug|Any CPU
		{BE900CC3-4782-4C07-B993-07371220B866}.Debug|Any CPU.Build.0 = Debug|Any CPU
		{BE900CC3-4782-4C07-B993-07371220B866}.Release|Any CPU.ActiveCfg = Release|Any CPU
		{BE900CC3-4782-4C07-B993-07371220B866}.Release|Any CPU.Build.0 = Release|Any CPU
	EndGlobalSection
	GlobalSection(SolutionProperties) = preSolution
		HideSolutionNode = FALSE
	EndGlobalSection
	GlobalSection(ExtensibilityGlobals) = postSolution
		SolutionGuid = {196A49DC-5BD7-4957-ABFB-91FC26A71741}
	EndGlobalSection
EndGlobal
